<Solution>
  <Project Path="FishNet.Runtime.csproj" />
  <Project Path="FishNet.Codegen.Cecil.csproj" />
  <Project Path="GameKit.Dependencies.csproj" />
  <Project Path="RyanAssets.Cameras.csproj" />
  <Project Path="RyanAssets.Client.ClientUI.GameSettings.csproj" />
  <Project Path="EasyDebug.Client.csproj" />
  <Project Path="RyanAssets.TweenService.TweenEasing.csproj" />
  <Project Path="RyanAssets.Client.ClientUI.Stamina.csproj" />
  <Project Path="Unity.FishNet.Codegen.csproj" />
  <Project Path="RyanAssets.Client.ClientUI.Toolbar.csproj" />
  <Project Path="RyanAssets.Tools.Shared.csproj" />
  <Project Path="RyanAssets.Client.ClientUI.Topbar.csproj" />
  <Project Path="RyanAssets.Characters.Client.csproj" />
  <Project Path="RyanAssets.Characters.Shared.csproj" />
  <Project Path="RyanAssets.DataService.csproj" />
  <Project Path="RyanAssets.Core.csproj" />
  <Project Path="RyanAssets.Input.csproj" />
  <Project Path="RyanAssets.Client.ClientUI.PlayerList.csproj" />
  <Project Path="RyanAssets.Client.ClientUI.Vote.csproj" />
  <Project Path="RyanAssets.UI.csproj" />
  <Project Path="RyanAssets.UI.ButtonGrid.csproj" />
  <Project Path="RyanAssets.NetworkSettings.csproj" />
  <Project Path="RyanAssets.Shared.Requests.csproj" />
  <Project Path="Universes.GameBrowser.csproj" />
  <Project Path="RyanAssets.Login.csproj" />
  <Project Path="RyanAssets.Commands.Shared.csproj" />
  <Project Path="RyanAssets.Client.ClientModules.csproj" />
  <Project Path="RyanAssets.PromptService.csproj" />
  <Project Path="RyanAssets.Levels.Client.csproj" />
  <Project Path="RyanAssets.TweenService.TweenComponents.csproj" />
  <Project Path="RyanAssets.Commands.Client.csproj" />
  <Project Path="RyanAssets.UI.Autocomplete.csproj" />
  <Project Path="URPWizard.csproj" />
  <Project Path="RyanAssets.Client.ClientUI.Chat.csproj" />
  <Project Path="RyanAssets.Authentication.csproj" />
  <Project Path="RyanAssets.Client.Audio.csproj" />
  <Project Path="RyanAssets.Shared.Declarations.csproj" />
  <Project Path="RyanAssets.Client.ClientCore.csproj" />
  <Project Path="RyanAssets.UI.Textbox.csproj" />
  <Project Path="RyanAssets.Editor.csproj" />
  <Project Path="RyanAssets.TweenService.csproj" />
  <Project Path="EasyDebug.Shared.csproj" />
  <Project Path="RyanAssets.Tools.Client.csproj" />
  <Project Path="RyanAssets.Shared.Player.csproj" />
  <Project Path="RyanAssets.Levels.Shared.csproj" />
  <Project Path="RyanAssets.UI.ListGrid.csproj" />
  <Project Path="Assembly-CSharp.csproj" />
  <Project Path="Assembly-CSharp-Editor.csproj" />
  <Project Path="Universes.csproj" />
</Solution>
